
Microsoft Visual Studio Solution File, Format Version 12.00
# Visual Studio Version 17
VisualStudioVersion = 17.5.002.0
MinimumVisualStudioVersion = 10.0.40219.1
Project("{9A19103F-16F7-4668-BE54-9A1E7A4F7556}") = "lista-de-chamada", "lista-de-chamada.csproj", "{636EC83E-82B7-4AD2-A805-6B5225B32280}"
EndProject
Global
	GlobalSection(SolutionConfigurationPlatforms) = preSolution
		Debug|Any CPU = Debug|Any CPU
		Release|Any CPU = Release|Any CPU
	EndGlobalSection
	GlobalSection(ProjectConfigurationPlatforms) = postSolution
		{636EC83E-82B7-4AD2-A805-6B5225B32280}.Debug|Any CPU.ActiveCfg = Debug|Any CPU
		{636EC83E-82B7-4AD2-A805-6B5225B32280}.Debug|Any CPU.Build.0 = Debug|Any CPU
		{636EC83E-82B7-4AD2-A805-6B5225B32280}.Release|Any CPU.ActiveCfg = Release|Any CPU
		{636EC83E-82B7-4AD2-A805-6B5225B32280}.Release|Any CPU.Build.0 = Release|Any CPU
	EndGlobalSection
	GlobalSection(SolutionProperties) = preSolution
		HideSolutionNode = FALSE
	EndGlobalSection
	GlobalSection(ExtensibilityGlobals) = postSolution
		SolutionGuid = {0DF0803E-7A88-4812-86DB-47162097E83B}
	EndGlobalSection
EndGlobal
